
Microsoft Visual Studio Solution File, Format Version 12.00
# Visual Studio 15
VisualStudioVersion = 15.0.26430.6
MinimumVisualStudioVersion = 10.0.40219.1
Project("{2150E333-8FDC-42A3-9474-1A3956D46DE8}") = "Exercise1", "Exercise1", "{31502426-6C69-401D-952F-ACC5699014A6}"
EndProject
Project("{FAE04EC0-301F-11D3-BF4B-00C04F79EFBC}") = "ValidationEngine", "TDD_Anders_Stromberg\ValidationEngine\ValidationEngine.csproj", "{EBE776B2-6AEB-41C7-8191-DDAADD7C51B0}"
EndProject
Project("{FAE04EC0-301F-11D3-BF4B-00C04F79EFBC}") = "ValidationEngine.Tests", "TDD_Anders_Stromberg\ValidationEngine.Tests\ValidationEngine.Tests.csproj", "{1B66635A-3ED1-4300-82AF-8DCDBB728283}"
EndProject
Project("{2150E333-8FDC-42A3-9474-1A3956D46DE8}") = "Exercise2", "Exercise2", "{73514D6B-441C-4DFA-B9EA-8F6824579AC9}"
	ProjectSection(SolutionItems) = preProject
		TDD_Anders_Stromberg\ValidationEngine.Tests\EmailAdressValidationTests.cs = TDD_Anders_Stromberg\ValidationEngine.Tests\EmailAdressValidationTests.cs
	EndProjectSection
EndProject
Project("{FAE04EC0-301F-11D3-BF4B-00C04F79EFBC}") = "TravelAgency", "TravelAgency\TravelAgency.csproj", "{AD81491B-872D-4EED-9619-E2B49338DB86}"
EndProject
Project("{FAE04EC0-301F-11D3-BF4B-00C04F79EFBC}") = "TravelAgency.Tests", "TravelAgency.Tests\TravelAgency.Tests.csproj", "{AA43941E-41ED-4917-919A-DEB7B1919D74}"
EndProject
Project("{2150E333-8FDC-42A3-9474-1A3956D46DE8}") = "Exercise3", "Exercise3", "{31AE5D50-A271-435A-9637-CD0C0B491974}"
EndProject
Project("{FAE04EC0-301F-11D3-BF4B-00C04F79EFBC}") = "StringCalculator", "StringCalculator\StringCalculator.csproj", "{EF60D090-3133-483C-A2B6-FDC7DB13DBF8}"
EndProject
Project("{FAE04EC0-301F-11D3-BF4B-00C04F79EFBC}") = "StringCalculator.Tests", "StringCalculator.Test\StringCalculator.Tests.csproj", "{C726F080-3E55-4759-BD5E-665E76FA2137}"
EndProject
Global
	GlobalSection(SolutionConfigurationPlatforms) = preSolution
		Debug|Any CPU = Debug|Any CPU
		Release|Any CPU = Release|Any CPU
	EndGlobalSection
	GlobalSection(ProjectConfigurationPlatforms) = postSolution
		{EBE776B2-6AEB-41C7-8191-DDAADD7C51B0}.Debug|Any CPU.ActiveCfg = Debug|Any CPU
		{EBE776B2-6AEB-41C7-8191-DDAADD7C51B0}.Debug|Any CPU.Build.0 = Debug|Any CPU
		{EBE776B2-6AEB-41C7-8191-DDAADD7C51B0}.Release|Any CPU.ActiveCfg = Release|Any CPU
		{EBE776B2-6AEB-41C7-8191-DDAADD7C51B0}.Release|Any CPU.Build.0 = Release|Any CPU
		{1B66635A-3ED1-4300-82AF-8DCDBB728283}.Debug|Any CPU.ActiveCfg = Debug|Any CPU
		{1B66635A-3ED1-4300-82AF-8DCDBB728283}.Debug|Any CPU.Build.0 = Debug|Any CPU
		{1B66635A-3ED1-4300-82AF-8DCDBB728283}.Release|Any CPU.ActiveCfg = Release|Any CPU
		{1B66635A-3ED1-4300-82AF-8DCDBB728283}.Release|Any CPU.Build.0 = Release|Any CPU
		{AD81491B-872D-4EED-9619-E2B49338DB86}.Debug|Any CPU.ActiveCfg = Debug|Any CPU
		{AD81491B-872D-4EED-9619-E2B49338DB86}.Debug|Any CPU.Build.0 = Debug|Any CPU
		{AD81491B-872D-4EED-9619-E2B49338DB86}.Release|Any CPU.ActiveCfg = Release|Any CPU
		{AD81491B-872D-4EED-9619-E2B49338DB86}.Release|Any CPU.Build.0 = Release|Any CPU
		{AA43941E-41ED-4917-919A-DEB7B1919D74}.Debug|Any CPU.ActiveCfg = Debug|Any CPU
		{AA43941E-41ED-4917-919A-DEB7B1919D74}.Debug|Any CPU.Build.0 = Debug|Any CPU
		{AA43941E-41ED-4917-919A-DEB7B1919D74}.Release|Any CPU.ActiveCfg = Release|Any CPU
		{AA43941E-41ED-4917-919A-DEB7B1919D74}.Release|Any CPU.Build.0 = Release|Any CPU
		{EF60D090-3133-483C-A2B6-FDC7DB13DBF8}.Debug|Any CPU.ActiveCfg = Debug|Any CPU
		{EF60D090-3133-483C-A2B6-FDC7DB13DBF8}.Debug|Any CPU.Build.0 = Debug|Any CPU
		{EF60D090-3133-483C-A2B6-FDC7DB13DBF8}.Release|Any CPU.ActiveCfg = Release|Any CPU
		{EF60D090-3133-483C-A2B6-FDC7DB13DBF8}.Release|Any CPU.Build.0 = Release|Any CPU
		{C726F080-3E55-4759-BD5E-665E76FA2137}.Debug|Any CPU.ActiveCfg = Debug|Any CPU
		{C726F080-3E55-4759-BD5E-665E76FA2137}.Debug|Any CPU.Build.0 = Debug|Any CPU
		{C726F080-3E55-4759-BD5E-665E76FA2137}.Release|Any CPU.ActiveCfg = Release|Any CPU
		{C726F080-3E55-4759-BD5E-665E76FA2137}.Release|Any CPU.Build.0 = Release|Any CPU
	EndGlobalSection
	GlobalSection(SolutionProperties) = preSolution
		HideSolutionNode = FALSE
	EndGlobalSection
	GlobalSection(NestedProjects) = preSolution
		{EBE776B2-6AEB-41C7-8191-DDAADD7C51B0} = {31502426-6C69-401D-952F-ACC5699014A6}
		{1B66635A-3ED1-4300-82AF-8DCDBB728283} = {31502426-6C69-401D-952F-ACC5699014A6}
		{AD81491B-872D-4EED-9619-E2B49338DB86} = {73514D6B-441C-4DFA-B9EA-8F6824579AC9}
		{AA43941E-41ED-4917-919A-DEB7B1919D74} = {73514D6B-441C-4DFA-B9EA-8F6824579AC9}
		{EF60D090-3133-483C-A2B6-FDC7DB13DBF8} = {31AE5D50-A271-435A-9637-CD0C0B491974}
		{C726F080-3E55-4759-BD5E-665E76FA2137} = {31AE5D50-A271-435A-9637-CD0C0B491974}
	EndGlobalSection
EndGlobal
